// !$*UTF8*$!
{
	archiveVersion = 1;
	classes = {
	};
	objectVersion = 46;
	objects = {

/* Begin PBXBuildFile section */
		E4568AB81EE9E89800F2E6EC /* AppDelegate.swift in Sources */ = {isa = PBXBuildFile; fileRef = E4568AB71EE9E89800F2E6EC /* AppDelegate.swift */; };
		E4568ABA1EE9E89800F2E6EC /* ViewController.swift in Sources */ = {isa = PBXBuildFile; fileRef = E4568AB91EE9E89800F2E6EC /* ViewController.swift */; };
		E4568ABD1EE9E89800F2E6EC /* Main.storyboard in Resources */ = {isa = PBXBuildFile; fileRef = E4568ABB1EE9E89800F2E6EC /* Main.storyboard */; };
		E4568ABF1EE9E89800F2E6EC /* Assets.xcassets in Resources */ = {isa = PBXBuildFile; fileRef = E4568ABE1EE9E89800F2E6EC /* Assets.xcassets */; };
		E4568AC21EE9E89800F2E6EC /* LaunchScreen.storyboard in Resources */ = {isa = PBXBuildFile; fileRef = E4568AC01EE9E89800F2E6EC /* LaunchScreen.storyboard */; };
		E4568ACA1EE9F91800F2E6EC /* CanvasView.swift in Sources */ = {isa = PBXBuildFile; fileRef = E4568AC91EE9F91800F2E6EC /* CanvasView.swift */; };
/* End PBXBuildFile section */

/* Begin PBXFileReference section */
		E4568AB41EE9E89800F2E6EC /* assignment5.app */ = {isa = PBXFileReference; explicitFileType = wrapper.application; includeInIndex = 0; path = assignment5.app; sourceTree = BUILT_PRODUCTS_DIR; };
		E4568AB71EE9E89800F2E6EC /* AppDelegate.swift */ = {isa = PBXFileReference; lastKnownFileType = sourcecode.swift; path = AppDelegate.swift; sourceTree = "<group>"; };
		E4568AB91EE9E89800F2E6EC /* ViewController.swift */ = {isa = PBXFileReference; lastKnownFileType = sourcecode.swift; path = ViewController.swift; sourceTree = "<group>"; };
		E4568ABC1EE9E89800F2E6EC /* Base */ = {isa = PBXFileReference; lastKnownFileType = file.storyboard; name = Base; path = Base.lproj/Main.storyboard; sourceTree = "<group>"; };
		E4568ABE1EE9E89800F2E6EC /* Assets.xcassets */ = {isa = PBXFileReference; lastKnownFileType = folder.assetcatalog; path = Assets.xcassets; sourceTree = "<group>"; };
		E4568AC11EE9E89800F2E6EC /* Base */ = {isa = PBXFileReference; lastKnownFileType = file.storyboard; name = Base; path = Base.lproj/LaunchScreen.storyboard; sourceTree = "<group>"; };
		E4568AC31EE9E89800F2E6EC /* Info.plist */ = {isa = PBXFileReference; lastKnownFileType = text.plist.xml; path = Info.plist; sourceTree = "<group>"; };
		E4568AC91EE9F91800F2E6EC /* CanvasView.swift */ = {isa = PBXFileReference; fileEncoding = 4; lastKnownFileType = sourcecode.swift; path = CanvasView.swift; sourceTree = "<group>"; };
/* End PBXFileReference section */

/* Begin PBXFrameworksBuildPhase section */
		E4568AB11EE9E89800F2E6EC /* Frameworks */ = {
			isa = PBXFrameworksBuildPhase;
			buildActionMask = 2147483647;
			files = (
			);
			runOnlyForDeploymentPostprocessing = 0;
		};
/* End PBXFrameworksBuildPhase section */

/* Begin PBXGroup section */
		E4568AAB1EE9E89800F2E6EC = {
			isa = PBXGroup;
			children = (
				E4568AB61EE9E89800F2E6EC /* assignment5 */,
				E4568AB51EE9E89800F2E6EC /* Products */,
			);
			sourceTree = "<group>";
		};
		E4568AB51EE9E89800F2E6EC /* Products */ = {
			isa = PBXGroup;
			children = (
				E4568AB41EE9E89800F2E6EC /* assignment5.app */,
			);
			name = Products;
			sourceTree = "<group>";
		};
		E4568AB61EE9E89800F2E6EC /* assignment5 */ = {
			isa = PBXGroup;
			children = (
				E4568AB71EE9E89800F2E6EC /* AppDelegate.swift */,
				E4568AB91EE9E89800F2E6EC /* ViewController.swift */,
				E4568AC91EE9F91800F2E6EC /* CanvasView.swift */,
				E4568ABB1EE9E89800F2E6EC /* Main.storyboard */,
				E4568ABE1EE9E89800F2E6EC /* Assets.xcassets */,
				E4568AC01EE9E89800F2E6EC /* LaunchScreen.storyboard */,
				E4568AC31EE9E89800F2E6EC /* Info.plist */,
			);
			path = assignment5;
			sourceTree = "<group>";
		};
/* End PBXGroup section */

/* Begin PBXNativeTarget section */
		E4568AB31EE9E89800F2E6EC /* assignment5 */ = {
			isa = PBXNativeTarget;
			buildConfigurationList = E4568AC61EE9E89800F2E6EC /* Build configuration list for PBXNativeTarget "assignment5" */;
			buildPhases = (
				E4568AB01EE9E89800F2E6EC /* Sources */,
				E4568AB11EE9E89800F2E6EC /* Frameworks */,
				E4568AB21EE9E89800F2E6EC /* Resources */,
			);
			buildRules = (
			);
			dependencies = (
			);
			name = assignment5;
			productName = assignment5;
			productReference = E4568AB41EE9E89800F2E6EC /* assignment5.app */;
			productType = "com.apple.product-type.application";
		};
/* End PBXNativeTarget section */

/* Begin PBXProject section */
		E4568AAC1EE9E89800F2E6EC /* Project object */ = {
			isa = PBXProject;
			attributes = {
				LastSwiftUpdateCheck = 0830;
				LastUpgradeCheck = 0830;
				ORGANIZATIONNAME = Ginpei;
				TargetAttributes = {
					E4568AB31EE9E89800F2E6EC = {
						CreatedOnToolsVersion = 8.3.2;
						ProvisioningStyle = Automatic;
					};
				};
			};
			buildConfigurationList = E4568AAF1EE9E89800F2E6EC /* Build configuration list for PBXProject "assignment5" */;
			compatibilityVersion = "Xcode 3.2";
			developmentRegion = English;
			hasScannedForEncodings = 0;
			knownRegions = (
				en,
				Base,
			);
			mainGroup = E4568AAB1EE9E89800F2E6EC;
			productRefGroup = E4568AB51EE9E89800F2E6EC /* Products */;
			projectDirPath = "";
			projectRoot = "";
			targets = (
				E4568AB31EE9E89800F2E6EC /* assignment5 */,
			);
		};
/* End PBXProject section */

/* Begin PBXResourcesBuildPhase section */
		E4568AB21EE9E89800F2E6EC /* Resources */ = {
			isa = PBXResourcesBuildPhase;
			buildActionMask = 2147483647;
			files = (
				E4568AC21EE9E89800F2E6EC /* LaunchScreen.storyboard in Resources */,
				E4568ABF1EE9E89800F2E6EC /* Assets.xcassets in Resources */,
				E4568ABD1EE9E89800F2E6EC /* Main.storyboard in Resources */,
			);
			runOnlyForDeploymentPostprocessing = 0;
		};
/* End PBXResourcesBuildPhase section */

/* Begin PBXSourcesBuildPhase section */
		E4568AB01EE9E89800F2E6EC /* Sources */ = {
			isa = PBXSourcesBuildPhase;
			buildActionMask = 2147483647;
			files = (
				E4568ABA1EE9E89800F2E6EC /* ViewController.swift in Sources */,
				E4568AB81EE9E89800F2E6EC /* AppDelegate.swift in Sources */,
				E4568ACA1EE9F91800F2E6EC /* CanvasView.swift in Sources */,
			);
			runOnlyForDeploymentPostprocessing = 0;
		};
/* End PBXSourcesBuildPhase section */

/* Begin PBXVariantGroup section */
		E4568ABB1EE9E89800F2E6EC /* Main.storyboard */ = {
			isa = PBXVariantGroup;
			children = (
				E4568ABC1EE9E89800F2E6EC /* Base */,
			);
			name = Main.storyboard;
			sourceTree = "<group>";
		};
		E4568AC01EE9E89800F2E6EC /* LaunchScreen.storyboard */ = {
			isa = PBXVariantGroup;
			children = (
				E4568AC11EE9E89800F2E6EC /* Base */,
			);
			name = LaunchScreen.storyboard;
			sourceTree = "<group>";
		};
/* End PBXVariantGroup section */

/* Begin XCBuildConfiguration section */
		E4568AC41EE9E89800F2E6EC /* Debug */ = {
			isa = XCBuildConfiguration;
			buildSettings = {
				ALWAYS_SEARCH_USER_PATHS = NO;
				CLANG_ANALYZER_NONNULL = YES;
				CLANG_ANALYZER_NUMBER_OBJECT_CONVERSION = YES_AGGRESSIVE;
				CLANG_CXX_LANGUAGE_STANDARD = "gnu++0x";
				CLANG_CXX_LIBRARY = "libc++";
				CLANG_ENABLE_MODULES = YES;
				CLANG_ENABLE_OBJC_ARC = YES;
				CLANG_WARN_BOOL_CONVERSION = YES;
				CLANG_WARN_CONSTANT_CONVERSION = YES;
				CLANG_WARN_DIRECT_OBJC_ISA_USAGE = YES_ERROR;
				CLANG_WARN_DOCUMENTATION_COMMENTS = YES;
				CLANG_WARN_EMPTY_BODY = YES;
				CLANG_WARN_ENUM_CONVERSION = YES;
				CLANG_WARN_INFINITE_RECURSION = YES;
				CLANG_WARN_INT_CONVERSION = YES;
				CLANG_WARN_OBJC_ROOT_CLASS = YES_ERROR;
				CLANG_WARN_SUSPICIOUS_MOVE = YES;
				CLANG_WARN_UNREACHABLE_CODE = YES;
				CLANG_WARN__DUPLICATE_METHOD_MATCH = YES;
				"CODE_SIGN_IDENTITY[sdk=iphoneos*]" = "iPhone Developer";
				COPY_PHASE_STRIP = NO;
				DEBUG_INFORMATION_FORMAT = dwarf;
				ENABLE_STRICT_OBJC_MSGSEND = YES;
				ENABLE_TESTABILITY = YES;
				GCC_C_LANGUAGE_STANDARD = gnu99;
				GCC_DYNAMIC_NO_PIC = NO;
				GCC_NO_COMMON_BLOCKS = YES;
				GCC_OPTIMIZATION_LEVEL = 0;
				GCC_PREPROCESSOR_DEFINITIONS = (
					"DEBUG=1",
					"$(inherited)",
				);
				GCC_WARN_64_TO_32_BIT_CONVERSION = YES;
				GCC_WARN_ABOUT_RETURN_TYPE = YES_ERROR;
				GCC_WARN_UNDECLARED_SELECTOR = YES;
				GCC_WARN_UNINITIALIZED_AUTOS = YES_AGGRESSIVE;
				GCC_WARN_UNUSED_FUNCTION = YES;
				GCC_WARN_UNUSED_VARIABLE = YES;
				IPHONEOS_DEPLOYMENT_TARGET = 10.3;
				MTL_ENABLE_DEBUG_INFO = YES;
				ONLY_ACTIVE_ARCH = YES;
				SDKROOT = iphoneos;
				SWIFT_ACTIVE_COMPILATION_CONDITIONS = DEBUG;
				SWIFT_OPTIMIZATION_LEVEL = "-Onone";
			};
			name = Debug;
		};
		E4568AC51EE9E89800F2E6EC /* Release */ = {
			isa = XCBuildConfiguration;
			buildSettings = {
				ALWAYS_SEARCH_USER_PATHS = NO;
				CLANG_ANALYZER_NONNULL = YES;
				CLANG_ANALYZER_NUMBER_OBJECT_CONVERSION = YES_AGGRESSIVE;
				CLANG_CXX_LANGUAGE_STANDARD = "gnu++0x";
				CLANG_CXX_LIBRARY = "libc++";
				CLANG_ENABLE_MODULES = YES;
				CLANG_ENABLE_OBJC_ARC = YES;
				CLANG_WARN_BOOL_CONVERSION = YES;
				CLANG_WARN_CONSTANT_CONVERSION = YES;
				CLANG_WARN_DIRECT_OBJC_ISA_USAGE = YES_ERROR;
				CLANG_WARN_DOCUMENTATION_COMMENTS = YES;
				CLANG_WARN_EMPTY_BODY = YES;
				CLANG_WARN_ENUM_CONVERSION = YES;
				CLANG_WARN_INFINITE_RECURSION = YES;
				CLANG_WARN_INT_CONVERSION = YES;
				CLANG_WARN_OBJC_ROOT_CLASS = YES_ERROR;
				CLANG_WARN_SUSPICIOUS_MOVE = YES;
				CLANG_WARN_UNREACHABLE_CODE = YES;
				CLANG_WARN__DUPLICATE_METHOD_MATCH = YES;
				"CODE_SIGN_IDENTITY[sdk=iphoneos*]" = "iPhone Developer";
				COPY_PHASE_STRIP = NO;
				DEBUG_INFORMATION_FORMAT = "dwarf-with-dsym";
				ENABLE_NS_ASSERTIONS = NO;
				ENABLE_STRICT_OBJC_MSGSEND = YES;
				GCC_C_LANGUAGE_STANDARD = gnu99;
				GCC_NO_COMMON_BLOCKS = YES;
				GCC_WARN_64_TO_32_BIT_CONVERSION = YES;
				GCC_WARN_ABOUT_RETURN_TYPE = YES_ERROR;
				GCC_WARN_UNDECLARED_SELECTOR = YES;
				GCC_WARN_UNINITIALIZED_AUTOS = YES_AGGRESSIVE;
				GCC_WARN_UNUSED_FUNCTION = YES;
				GCC_WARN_UNUSED_VARIABLE = YES;
				IPHONEOS_DEPLOYMENT_TARGET = 10.3;
				MTL_ENABLE_DEBUG_INFO = NO;
				SDKROOT = iphoneos;
				SWIFT_OPTIMIZATION_LEVEL = "-Owholemodule";
				VALIDATE_PRODUCT = YES;
			};
			name = Release;
		};
		E4568AC71EE9E89800F2E6EC /* Debug */ = {
			isa = XCBuildConfiguration;
			buildSettings = {
				ASSETCATALOG_COMPILER_APPICON_NAME = AppIcon;
				INFOPLIST_FILE = assignment5/Info.plist;
				LD_RUNPATH_SEARCH_PATHS = "$(inherited) @executable_path/Frameworks";
				PRODUCT_BUNDLE_IDENTIFIER = info.ginpei.assignment5;
				PRODUCT_NAME = "$(TARGET_NAME)";
				SWIFT_VERSION = 3.0;
			};
			name = Debug;
		};
		E4568AC81EE9E89800F2E6EC /* Release */ = {
			isa = XCBuildConfiguration;
			buildSettings = {
				ASSETCATALOG_COMPILER_APPICON_NAME = AppIcon;
				INFOPLIST_FILE = assignment5/Info.plist;
				LD_RUNPATH_SEARCH_PATHS = "$(inherited) @executable_path/Frameworks";
				PRODUCT_BUNDLE_IDENTIFIER = info.ginpei.assignment5;
				PRODUCT_NAME = "$(TARGET_NAME)";
				SWIFT_VERSION = 3.0;
			};
			name = Release;
		};
/* End XCBuildConfiguration section */

/* Begin XCConfigurationList section */
		E4568AAF1EE9E89800F2E6EC /* Build configuration list for PBXProject "assignment5" */ = {
			isa = XCConfigurationList;
			buildConfigurations = (
				E4568AC41EE9E89800F2E6EC /* Debug */,
				E4568AC51EE9E89800F2E6EC /* Release */,
			);
			defaultConfigurationIsVisible = 0;
			defaultConfigurationName = Release;
		};
		E4568AC61EE9E89800F2E6EC /* Build configuration list for PBXNativeTarget "assignment5" */ = {
			isa = XCConfigurationList;
			buildConfigurations = (
				E4568AC71EE9E89800F2E6EC /* Debug */,
				E4568AC81EE9E89800F2E6EC /* Release */,
			);
			defaultConfigurationIsVisible = 0;
		};
/* End XCConfigurationList section */
	};
	rootObject = E4568AAC1EE9E89800F2E6EC /* Project object */;
}
