// !$*UTF8*$!
{
	archiveVersion = 1;
	classes = {
	};
	objectVersion = 46;
	objects = {

/* Begin PBXBuildFile section */
		7F60BF951FA27EB93FF7E41A /* Pods_PastelDemo.framework in Frameworks */ = {isa = PBXBuildFile; fileRef = 4D23FEE7174AA057EE782342 /* Pods_PastelDemo.framework */; };
		E40FA8151EE8A03300772F62 /* AppDelegate.swift in Sources */ = {isa = PBXBuildFile; fileRef = E40FA8141EE8A03300772F62 /* AppDelegate.swift */; };
		E40FA8171EE8A03300772F62 /* ViewController.swift in Sources */ = {isa = PBXBuildFile; fileRef = E40FA8161EE8A03300772F62 /* ViewController.swift */; };
		E40FA81A1EE8A03300772F62 /* Main.storyboard in Resources */ = {isa = PBXBuildFile; fileRef = E40FA8181EE8A03300772F62 /* Main.storyboard */; };
		E40FA81C1EE8A03300772F62 /* Assets.xcassets in Resources */ = {isa = PBXBuildFile; fileRef = E40FA81B1EE8A03300772F62 /* Assets.xcassets */; };
		E40FA81F1EE8A03300772F62 /* LaunchScreen.storyboard in Resources */ = {isa = PBXBuildFile; fileRef = E40FA81D1EE8A03300772F62 /* LaunchScreen.storyboard */; };
/* End PBXBuildFile section */

/* Begin PBXFileReference section */
		267C6E05FD6B390C60AC91CC /* Pods-PastelDemo.debug.xcconfig */ = {isa = PBXFileReference; includeInIndex = 1; lastKnownFileType = text.xcconfig; name = "Pods-PastelDemo.debug.xcconfig"; path = "Pods/Target Support Files/Pods-PastelDemo/Pods-PastelDemo.debug.xcconfig"; sourceTree = "<group>"; };
		4D23FEE7174AA057EE782342 /* Pods_PastelDemo.framework */ = {isa = PBXFileReference; explicitFileType = wrapper.framework; includeInIndex = 0; path = Pods_PastelDemo.framework; sourceTree = BUILT_PRODUCTS_DIR; };
		C390269048C1564EB4A6BACE /* Pods-PastelDemo.release.xcconfig */ = {isa = PBXFileReference; includeInIndex = 1; lastKnownFileType = text.xcconfig; name = "Pods-PastelDemo.release.xcconfig"; path = "Pods/Target Support Files/Pods-PastelDemo/Pods-PastelDemo.release.xcconfig"; sourceTree = "<group>"; };
		E40FA8111EE8A03300772F62 /* PastelDemo.app */ = {isa = PBXFileReference; explicitFileType = wrapper.application; includeInIndex = 0; path = PastelDemo.app; sourceTree = BUILT_PRODUCTS_DIR; };
		E40FA8141EE8A03300772F62 /* AppDelegate.swift */ = {isa = PBXFileReference; lastKnownFileType = sourcecode.swift; path = AppDelegate.swift; sourceTree = "<group>"; };
		E40FA8161EE8A03300772F62 /* ViewController.swift */ = {isa = PBXFileReference; lastKnownFileType = sourcecode.swift; path = ViewController.swift; sourceTree = "<group>"; };
		E40FA8191EE8A03300772F62 /* Base */ = {isa = PBXFileReference; lastKnownFileType = file.storyboard; name = Base; path = Base.lproj/Main.storyboard; sourceTree = "<group>"; };
		E40FA81B1EE8A03300772F62 /* Assets.xcassets */ = {isa = PBXFileReference; lastKnownFileType = folder.assetcatalog; path = Assets.xcassets; sourceTree = "<group>"; };
		E40FA81E1EE8A03300772F62 /* Base */ = {isa = PBXFileReference; lastKnownFileType = file.storyboard; name = Base; path = Base.lproj/LaunchScreen.storyboard; sourceTree = "<group>"; };
		E40FA8201EE8A03300772F62 /* Info.plist */ = {isa = PBXFileReference; lastKnownFileType = text.plist.xml; path = Info.plist; sourceTree = "<group>"; };
/* End PBXFileReference section */

/* Begin PBXFrameworksBuildPhase section */
		E40FA80E1EE8A03300772F62 /* Frameworks */ = {
			isa = PBXFrameworksBuildPhase;
			buildActionMask = 2147483647;
			files = (
				7F60BF951FA27EB93FF7E41A /* Pods_PastelDemo.framework in Frameworks */,
			);
			runOnlyForDeploymentPostprocessing = 0;
		};
/* End PBXFrameworksBuildPhase section */

/* Begin PBXGroup section */
		4268C1D2E246FA1D6262B3EC /* Pods */ = {
			isa = PBXGroup;
			children = (
				267C6E05FD6B390C60AC91CC /* Pods-PastelDemo.debug.xcconfig */,
				C390269048C1564EB4A6BACE /* Pods-PastelDemo.release.xcconfig */,
			);
			name = Pods;
			sourceTree = "<group>";
		};
		43B266DA1785F503A5299C0F /* Frameworks */ = {
			isa = PBXGroup;
			children = (
				4D23FEE7174AA057EE782342 /* Pods_PastelDemo.framework */,
			);
			name = Frameworks;
			sourceTree = "<group>";
		};
		E40FA8081EE8A03300772F62 = {
			isa = PBXGroup;
			children = (
				E40FA8131EE8A03300772F62 /* PastelDemo */,
				E40FA8121EE8A03300772F62 /* Products */,
				4268C1D2E246FA1D6262B3EC /* Pods */,
				43B266DA1785F503A5299C0F /* Frameworks */,
			);
			sourceTree = "<group>";
		};
		E40FA8121EE8A03300772F62 /* Products */ = {
			isa = PBXGroup;
			children = (
				E40FA8111EE8A03300772F62 /* PastelDemo.app */,
			);
			name = Products;
			sourceTree = "<group>";
		};
		E40FA8131EE8A03300772F62 /* PastelDemo */ = {
			isa = PBXGroup;
			children = (
				E40FA8141EE8A03300772F62 /* AppDelegate.swift */,
				E40FA8161EE8A03300772F62 /* ViewController.swift */,
				E40FA8181EE8A03300772F62 /* Main.storyboard */,
				E40FA81B1EE8A03300772F62 /* Assets.xcassets */,
				E40FA81D1EE8A03300772F62 /* LaunchScreen.storyboard */,
				E40FA8201EE8A03300772F62 /* Info.plist */,
			);
			path = PastelDemo;
			sourceTree = "<group>";
		};
/* End PBXGroup section */

/* Begin PBXNativeTarget section */
		E40FA8101EE8A03300772F62 /* PastelDemo */ = {
			isa = PBXNativeTarget;
			buildConfigurationList = E40FA8231EE8A03300772F62 /* Build configuration list for PBXNativeTarget "PastelDemo" */;
			buildPhases = (
				1AC981E2C11CA95C05DAAFE3 /* [CP] Check Pods Manifest.lock */,
				E40FA80D1EE8A03300772F62 /* Sources */,
				E40FA80E1EE8A03300772F62 /* Frameworks */,
				E40FA80F1EE8A03300772F62 /* Resources */,
				50AF81FF045E269D80F54643 /* [CP] Embed Pods Frameworks */,
				8DF2C24F1019E3FFA0F9122D /* [CP] Copy Pods Resources */,
			);
			buildRules = (
			);
			dependencies = (
			);
			name = PastelDemo;
			productName = PastelDemo;
			productReference = E40FA8111EE8A03300772F62 /* PastelDemo.app */;
			productType = "com.apple.product-type.application";
		};
/* End PBXNativeTarget section */

/* Begin PBXProject section */
		E40FA8091EE8A03300772F62 /* Project object */ = {
			isa = PBXProject;
			attributes = {
				LastSwiftUpdateCheck = 0830;
				LastUpgradeCheck = 0830;
				ORGANIZATIONNAME = Ginpei;
				TargetAttributes = {
					E40FA8101EE8A03300772F62 = {
						CreatedOnToolsVersion = 8.3.2;
						ProvisioningStyle = Automatic;
					};
				};
			};
			buildConfigurationList = E40FA80C1EE8A03300772F62 /* Build configuration list for PBXProject "PastelDemo" */;
			compatibilityVersion = "Xcode 3.2";
			developmentRegion = English;
			hasScannedForEncodings = 0;
			knownRegions = (
				en,
				Base,
			);
			mainGroup = E40FA8081EE8A03300772F62;
			productRefGroup = E40FA8121EE8A03300772F62 /* Products */;
			projectDirPath = "";
			projectRoot = "";
			targets = (
				E40FA8101EE8A03300772F62 /* PastelDemo */,
			);
		};
/* End PBXProject section */

/* Begin PBXResourcesBuildPhase section */
		E40FA80F1EE8A03300772F62 /* Resources */ = {
			isa = PBXResourcesBuildPhase;
			buildActionMask = 2147483647;
			files = (
				E40FA81F1EE8A03300772F62 /* LaunchScreen.storyboard in Resources */,
				E40FA81C1EE8A03300772F62 /* Assets.xcassets in Resources */,
				E40FA81A1EE8A03300772F62 /* Main.storyboard in Resources */,
			);
			runOnlyForDeploymentPostprocessing = 0;
		};
/* End PBXResourcesBuildPhase section */

/* Begin PBXShellScriptBuildPhase section */
		1AC981E2C11CA95C05DAAFE3 /* [CP] Check Pods Manifest.lock */ = {
			isa = PBXShellScriptBuildPhase;
			buildActionMask = 2147483647;
			files = (
			);
			inputPaths = (
			);
			name = "[CP] Check Pods Manifest.lock";
			outputPaths = (
			);
			runOnlyForDeploymentPostprocessing = 0;
			shellPath = /bin/sh;
			shellScript = "diff \"${PODS_PODFILE_DIR_PATH}/Podfile.lock\" \"${PODS_ROOT}/Manifest.lock\" > /dev/null\nif [ $? != 0 ] ; then\n    # print error to STDERR\n    echo \"error: The sandbox is not in sync with the Podfile.lock. Run 'pod install' or update your CocoaPods installation.\" >&2\n    exit 1\nfi\n";
			showEnvVarsInLog = 0;
		};
		50AF81FF045E269D80F54643 /* [CP] Embed Pods Frameworks */ = {
			isa = PBXShellScriptBuildPhase;
			buildActionMask = 2147483647;
			files = (
			);
			inputPaths = (
			);
			name = "[CP] Embed Pods Frameworks";
			outputPaths = (
			);
			runOnlyForDeploymentPostprocessing = 0;
			shellPath = /bin/sh;
			shellScript = "\"${SRCROOT}/Pods/Target Support Files/Pods-PastelDemo/Pods-PastelDemo-frameworks.sh\"\n";
			showEnvVarsInLog = 0;
		};
		8DF2C24F1019E3FFA0F9122D /* [CP] Copy Pods Resources */ = {
			isa = PBXShellScriptBuildPhase;
			buildActionMask = 2147483647;
			files = (
			);
			inputPaths = (
			);
			name = "[CP] Copy Pods Resources";
			outputPaths = (
			);
			runOnlyForDeploymentPostprocessing = 0;
			shellPath = /bin/sh;
			shellScript = "\"${SRCROOT}/Pods/Target Support Files/Pods-PastelDemo/Pods-PastelDemo-resources.sh\"\n";
			showEnvVarsInLog = 0;
		};
/* End PBXShellScriptBuildPhase section */

/* Begin PBXSourcesBuildPhase section */
		E40FA80D1EE8A03300772F62 /* Sources */ = {
			isa = PBXSourcesBuildPhase;
			buildActionMask = 2147483647;
			files = (
				E40FA8171EE8A03300772F62 /* ViewController.swift in Sources */,
				E40FA8151EE8A03300772F62 /* AppDelegate.swift in Sources */,
			);
			runOnlyForDeploymentPostprocessing = 0;
		};
/* End PBXSourcesBuildPhase section */

/* Begin PBXVariantGroup section */
		E40FA8181EE8A03300772F62 /* Main.storyboard */ = {
			isa = PBXVariantGroup;
			children = (
				E40FA8191EE8A03300772F62 /* Base */,
			);
			name = Main.storyboard;
			sourceTree = "<group>";
		};
		E40FA81D1EE8A03300772F62 /* LaunchScreen.storyboard */ = {
			isa = PBXVariantGroup;
			children = (
				E40FA81E1EE8A03300772F62 /* Base */,
			);
			name = LaunchScreen.storyboard;
			sourceTree = "<group>";
		};
/* End PBXVariantGroup section */

/* Begin XCBuildConfiguration section */
		E40FA8211EE8A03300772F62 /* Debug */ = {
			isa = XCBuildConfiguration;
			buildSettings = {
				ALWAYS_SEARCH_USER_PATHS = NO;
				CLANG_ANALYZER_NONNULL = YES;
				CLANG_ANALYZER_NUMBER_OBJECT_CONVERSION = YES_AGGRESSIVE;
				CLANG_CXX_LANGUAGE_STANDARD = "gnu++0x";
				CLANG_CXX_LIBRARY = "libc++";
				CLANG_ENABLE_MODULES = YES;
				CLANG_ENABLE_OBJC_ARC = YES;
				CLANG_WARN_BOOL_CONVERSION = YES;
				CLANG_WARN_CONSTANT_CONVERSION = YES;
				CLANG_WARN_DIRECT_OBJC_ISA_USAGE = YES_ERROR;
				CLANG_WARN_DOCUMENTATION_COMMENTS = YES;
				CLANG_WARN_EMPTY_BODY = YES;
				CLANG_WARN_ENUM_CONVERSION = YES;
				CLANG_WARN_INFINITE_RECURSION = YES;
				CLANG_WARN_INT_CONVERSION = YES;
				CLANG_WARN_OBJC_ROOT_CLASS = YES_ERROR;
				CLANG_WARN_SUSPICIOUS_MOVE = YES;
				CLANG_WARN_UNREACHABLE_CODE = YES;
				CLANG_WARN__DUPLICATE_METHOD_MATCH = YES;
				"CODE_SIGN_IDENTITY[sdk=iphoneos*]" = "iPhone Developer";
				COPY_PHASE_STRIP = NO;
				DEBUG_INFORMATION_FORMAT = dwarf;
				ENABLE_STRICT_OBJC_MSGSEND = YES;
				ENABLE_TESTABILITY = YES;
				GCC_C_LANGUAGE_STANDARD = gnu99;
				GCC_DYNAMIC_NO_PIC = NO;
				GCC_NO_COMMON_BLOCKS = YES;
				GCC_OPTIMIZATION_LEVEL = 0;
				GCC_PREPROCESSOR_DEFINITIONS = (
					"DEBUG=1",
					"$(inherited)",
				);
				GCC_WARN_64_TO_32_BIT_CONVERSION = YES;
				GCC_WARN_ABOUT_RETURN_TYPE = YES_ERROR;
				GCC_WARN_UNDECLARED_SELECTOR = YES;
				GCC_WARN_UNINITIALIZED_AUTOS = YES_AGGRESSIVE;
				GCC_WARN_UNUSED_FUNCTION = YES;
				GCC_WARN_UNUSED_VARIABLE = YES;
				IPHONEOS_DEPLOYMENT_TARGET = 10.3;
				MTL_ENABLE_DEBUG_INFO = YES;
				ONLY_ACTIVE_ARCH = YES;
				SDKROOT = iphoneos;
				SWIFT_ACTIVE_COMPILATION_CONDITIONS = DEBUG;
				SWIFT_OPTIMIZATION_LEVEL = "-Onone";
			};
			name = Debug;
		};
		E40FA8221EE8A03300772F62 /* Release */ = {
			isa = XCBuildConfiguration;
			buildSettings = {
				ALWAYS_SEARCH_USER_PATHS = NO;
				CLANG_ANALYZER_NONNULL = YES;
				CLANG_ANALYZER_NUMBER_OBJECT_CONVERSION = YES_AGGRESSIVE;
				CLANG_CXX_LANGUAGE_STANDARD = "gnu++0x";
				CLANG_CXX_LIBRARY = "libc++";
				CLANG_ENABLE_MODULES = YES;
				CLANG_ENABLE_OBJC_ARC = YES;
				CLANG_WARN_BOOL_CONVERSION = YES;
				CLANG_WARN_CONSTANT_CONVERSION = YES;
				CLANG_WARN_DIRECT_OBJC_ISA_USAGE = YES_ERROR;
				CLANG_WARN_DOCUMENTATION_COMMENTS = YES;
				CLANG_WARN_EMPTY_BODY = YES;
				CLANG_WARN_ENUM_CONVERSION = YES;
				CLANG_WARN_INFINITE_RECURSION = YES;
				CLANG_WARN_INT_CONVERSION = YES;
				CLANG_WARN_OBJC_ROOT_CLASS = YES_ERROR;
				CLANG_WARN_SUSPICIOUS_MOVE = YES;
				CLANG_WARN_UNREACHABLE_CODE = YES;
				CLANG_WARN__DUPLICATE_METHOD_MATCH = YES;
				"CODE_SIGN_IDENTITY[sdk=iphoneos*]" = "iPhone Developer";
				COPY_PHASE_STRIP = NO;
				DEBUG_INFORMATION_FORMAT = "dwarf-with-dsym";
				ENABLE_NS_ASSERTIONS = NO;
				ENABLE_STRICT_OBJC_MSGSEND = YES;
				GCC_C_LANGUAGE_STANDARD = gnu99;
				GCC_NO_COMMON_BLOCKS = YES;
				GCC_WARN_64_TO_32_BIT_CONVERSION = YES;
				GCC_WARN_ABOUT_RETURN_TYPE = YES_ERROR;
				GCC_WARN_UNDECLARED_SELECTOR = YES;
				GCC_WARN_UNINITIALIZED_AUTOS = YES_AGGRESSIVE;
				GCC_WARN_UNUSED_FUNCTION = YES;
				GCC_WARN_UNUSED_VARIABLE = YES;
				IPHONEOS_DEPLOYMENT_TARGET = 10.3;
				MTL_ENABLE_DEBUG_INFO = NO;
				SDKROOT = iphoneos;
				SWIFT_OPTIMIZATION_LEVEL = "-Owholemodule";
				VALIDATE_PRODUCT = YES;
			};
			name = Release;
		};
		E40FA8241EE8A03300772F62 /* Debug */ = {
			isa = XCBuildConfiguration;
			baseConfigurationReference = 267C6E05FD6B390C60AC91CC /* Pods-PastelDemo.debug.xcconfig */;
			buildSettings = {
				ASSETCATALOG_COMPILER_APPICON_NAME = AppIcon;
				INFOPLIST_FILE = PastelDemo/Info.plist;
				LD_RUNPATH_SEARCH_PATHS = "$(inherited) @executable_path/Frameworks";
				PRODUCT_BUNDLE_IDENTIFIER = info.ginpei.PastelDemo;
				PRODUCT_NAME = "$(TARGET_NAME)";
				SWIFT_VERSION = 3.0;
			};
			name = Debug;
		};
		E40FA8251EE8A03300772F62 /* Release */ = {
			isa = XCBuildConfiguration;
			baseConfigurationReference = C390269048C1564EB4A6BACE /* Pods-PastelDemo.release.xcconfig */;
			buildSettings = {
				ASSETCATALOG_COMPILER_APPICON_NAME = AppIcon;
				INFOPLIST_FILE = PastelDemo/Info.plist;
				LD_RUNPATH_SEARCH_PATHS = "$(inherited) @executable_path/Frameworks";
				PRODUCT_BUNDLE_IDENTIFIER = info.ginpei.PastelDemo;
				PRODUCT_NAME = "$(TARGET_NAME)";
				SWIFT_VERSION = 3.0;
			};
			name = Release;
		};
/* End XCBuildConfiguration section */

/* Begin XCConfigurationList section */
		E40FA80C1EE8A03300772F62 /* Build configuration list for PBXProject "PastelDemo" */ = {
			isa = XCConfigurationList;
			buildConfigurations = (
				E40FA8211EE8A03300772F62 /* Debug */,
				E40FA8221EE8A03300772F62 /* Release */,
			);
			defaultConfigurationIsVisible = 0;
			defaultConfigurationName = Release;
		};
		E40FA8231EE8A03300772F62 /* Build configuration list for PBXNativeTarget "PastelDemo" */ = {
			isa = XCConfigurationList;
			buildConfigurations = (
				E40FA8241EE8A03300772F62 /* Debug */,
				E40FA8251EE8A03300772F62 /* Release */,
			);
			defaultConfigurationIsVisible = 0;
		};
/* End XCConfigurationList section */
	};
	rootObject = E40FA8091EE8A03300772F62 /* Project object */;
}
