// !$*UTF8*$!
{
	archiveVersion = 1;
	classes = {
	};
	objectVersion = 46;
	objects = {

/* Begin PBXBuildFile section */
		E443D72B1EEB4C690071FD73 /* AppDelegate.swift in Sources */ = {isa = PBXBuildFile; fileRef = E443D72A1EEB4C690071FD73 /* AppDelegate.swift */; };
		E443D72D1EEB4C690071FD73 /* ViewController.swift in Sources */ = {isa = PBXBuildFile; fileRef = E443D72C1EEB4C690071FD73 /* ViewController.swift */; };
		E443D7301EEB4C690071FD73 /* Main.storyboard in Resources */ = {isa = PBXBuildFile; fileRef = E443D72E1EEB4C690071FD73 /* Main.storyboard */; };
		E443D7321EEB4C690071FD73 /* Assets.xcassets in Resources */ = {isa = PBXBuildFile; fileRef = E443D7311EEB4C690071FD73 /* Assets.xcassets */; };
		E443D7351EEB4C690071FD73 /* LaunchScreen.storyboard in Resources */ = {isa = PBXBuildFile; fileRef = E443D7331EEB4C690071FD73 /* LaunchScreen.storyboard */; };
		E443D73D1EEB64B50071FD73 /* TipCalculation.swift in Sources */ = {isa = PBXBuildFile; fileRef = E443D73C1EEB64B50071FD73 /* TipCalculation.swift */; };
/* End PBXBuildFile section */

/* Begin PBXFileReference section */
		E443D7271EEB4C690071FD73 /* Assignment06-TipCalc.app */ = {isa = PBXFileReference; explicitFileType = wrapper.application; includeInIndex = 0; path = "Assignment06-TipCalc.app"; sourceTree = BUILT_PRODUCTS_DIR; };
		E443D72A1EEB4C690071FD73 /* AppDelegate.swift */ = {isa = PBXFileReference; lastKnownFileType = sourcecode.swift; path = AppDelegate.swift; sourceTree = "<group>"; };
		E443D72C1EEB4C690071FD73 /* ViewController.swift */ = {isa = PBXFileReference; lastKnownFileType = sourcecode.swift; path = ViewController.swift; sourceTree = "<group>"; };
		E443D72F1EEB4C690071FD73 /* Base */ = {isa = PBXFileReference; lastKnownFileType = file.storyboard; name = Base; path = Base.lproj/Main.storyboard; sourceTree = "<group>"; };
		E443D7311EEB4C690071FD73 /* Assets.xcassets */ = {isa = PBXFileReference; lastKnownFileType = folder.assetcatalog; path = Assets.xcassets; sourceTree = "<group>"; };
		E443D7341EEB4C690071FD73 /* Base */ = {isa = PBXFileReference; lastKnownFileType = file.storyboard; name = Base; path = Base.lproj/LaunchScreen.storyboard; sourceTree = "<group>"; };
		E443D7361EEB4C690071FD73 /* Info.plist */ = {isa = PBXFileReference; lastKnownFileType = text.plist.xml; path = Info.plist; sourceTree = "<group>"; };
		E443D73C1EEB64B50071FD73 /* TipCalculation.swift */ = {isa = PBXFileReference; fileEncoding = 4; lastKnownFileType = sourcecode.swift; path = TipCalculation.swift; sourceTree = "<group>"; };
/* End PBXFileReference section */

/* Begin PBXFrameworksBuildPhase section */
		E443D7241EEB4C690071FD73 /* Frameworks */ = {
			isa = PBXFrameworksBuildPhase;
			buildActionMask = 2147483647;
			files = (
			);
			runOnlyForDeploymentPostprocessing = 0;
		};
/* End PBXFrameworksBuildPhase section */

/* Begin PBXGroup section */
		E443D71E1EEB4C690071FD73 = {
			isa = PBXGroup;
			children = (
				E443D7291EEB4C690071FD73 /* Assignment06-TipCalc */,
				E443D7281EEB4C690071FD73 /* Products */,
			);
			sourceTree = "<group>";
		};
		E443D7281EEB4C690071FD73 /* Products */ = {
			isa = PBXGroup;
			children = (
				E443D7271EEB4C690071FD73 /* Assignment06-TipCalc.app */,
			);
			name = Products;
			sourceTree = "<group>";
		};
		E443D7291EEB4C690071FD73 /* Assignment06-TipCalc */ = {
			isa = PBXGroup;
			children = (
				E443D72A1EEB4C690071FD73 /* AppDelegate.swift */,
				E443D72C1EEB4C690071FD73 /* ViewController.swift */,
				E443D73C1EEB64B50071FD73 /* TipCalculation.swift */,
				E443D72E1EEB4C690071FD73 /* Main.storyboard */,
				E443D7311EEB4C690071FD73 /* Assets.xcassets */,
				E443D7331EEB4C690071FD73 /* LaunchScreen.storyboard */,
				E443D7361EEB4C690071FD73 /* Info.plist */,
			);
			path = "Assignment06-TipCalc";
			sourceTree = "<group>";
		};
/* End PBXGroup section */

/* Begin PBXNativeTarget section */
		E443D7261EEB4C690071FD73 /* Assignment06-TipCalc */ = {
			isa = PBXNativeTarget;
			buildConfigurationList = E443D7391EEB4C690071FD73 /* Build configuration list for PBXNativeTarget "Assignment06-TipCalc" */;
			buildPhases = (
				E443D7231EEB4C690071FD73 /* Sources */,
				E443D7241EEB4C690071FD73 /* Frameworks */,
				E443D7251EEB4C690071FD73 /* Resources */,
			);
			buildRules = (
			);
			dependencies = (
			);
			name = "Assignment06-TipCalc";
			productName = "Assignment06-TipCalc";
			productReference = E443D7271EEB4C690071FD73 /* Assignment06-TipCalc.app */;
			productType = "com.apple.product-type.application";
		};
/* End PBXNativeTarget section */

/* Begin PBXProject section */
		E443D71F1EEB4C690071FD73 /* Project object */ = {
			isa = PBXProject;
			attributes = {
				LastSwiftUpdateCheck = 0830;
				LastUpgradeCheck = 0830;
				ORGANIZATIONNAME = Ginpei;
				TargetAttributes = {
					E443D7261EEB4C690071FD73 = {
						CreatedOnToolsVersion = 8.3.2;
						ProvisioningStyle = Automatic;
					};
				};
			};
			buildConfigurationList = E443D7221EEB4C690071FD73 /* Build configuration list for PBXProject "Assignment06-TipCalc" */;
			compatibilityVersion = "Xcode 3.2";
			developmentRegion = English;
			hasScannedForEncodings = 0;
			knownRegions = (
				en,
				Base,
			);
			mainGroup = E443D71E1EEB4C690071FD73;
			productRefGroup = E443D7281EEB4C690071FD73 /* Products */;
			projectDirPath = "";
			projectRoot = "";
			targets = (
				E443D7261EEB4C690071FD73 /* Assignment06-TipCalc */,
			);
		};
/* End PBXProject section */

/* Begin PBXResourcesBuildPhase section */
		E443D7251EEB4C690071FD73 /* Resources */ = {
			isa = PBXResourcesBuildPhase;
			buildActionMask = 2147483647;
			files = (
				E443D7351EEB4C690071FD73 /* LaunchScreen.storyboard in Resources */,
				E443D7321EEB4C690071FD73 /* Assets.xcassets in Resources */,
				E443D7301EEB4C690071FD73 /* Main.storyboard in Resources */,
			);
			runOnlyForDeploymentPostprocessing = 0;
		};
/* End PBXResourcesBuildPhase section */

/* Begin PBXSourcesBuildPhase section */
		E443D7231EEB4C690071FD73 /* Sources */ = {
			isa = PBXSourcesBuildPhase;
			buildActionMask = 2147483647;
			files = (
				E443D72D1EEB4C690071FD73 /* ViewController.swift in Sources */,
				E443D72B1EEB4C690071FD73 /* AppDelegate.swift in Sources */,
				E443D73D1EEB64B50071FD73 /* TipCalculation.swift in Sources */,
			);
			runOnlyForDeploymentPostprocessing = 0;
		};
/* End PBXSourcesBuildPhase section */

/* Begin PBXVariantGroup section */
		E443D72E1EEB4C690071FD73 /* Main.storyboard */ = {
			isa = PBXVariantGroup;
			children = (
				E443D72F1EEB4C690071FD73 /* Base */,
			);
			name = Main.storyboard;
			sourceTree = "<group>";
		};
		E443D7331EEB4C690071FD73 /* LaunchScreen.storyboard */ = {
			isa = PBXVariantGroup;
			children = (
				E443D7341EEB4C690071FD73 /* Base */,
			);
			name = LaunchScreen.storyboard;
			sourceTree = "<group>";
		};
/* End PBXVariantGroup section */

/* Begin XCBuildConfiguration section */
		E443D7371EEB4C690071FD73 /* Debug */ = {
			isa = XCBuildConfiguration;
			buildSettings = {
				ALWAYS_SEARCH_USER_PATHS = NO;
				CLANG_ANALYZER_NONNULL = YES;
				CLANG_ANALYZER_NUMBER_OBJECT_CONVERSION = YES_AGGRESSIVE;
				CLANG_CXX_LANGUAGE_STANDARD = "gnu++0x";
				CLANG_CXX_LIBRARY = "libc++";
				CLANG_ENABLE_MODULES = YES;
				CLANG_ENABLE_OBJC_ARC = YES;
				CLANG_WARN_BOOL_CONVERSION = YES;
				CLANG_WARN_CONSTANT_CONVERSION = YES;
				CLANG_WARN_DIRECT_OBJC_ISA_USAGE = YES_ERROR;
				CLANG_WARN_DOCUMENTATION_COMMENTS = YES;
				CLANG_WARN_EMPTY_BODY = YES;
				CLANG_WARN_ENUM_CONVERSION = YES;
				CLANG_WARN_INFINITE_RECURSION = YES;
				CLANG_WARN_INT_CONVERSION = YES;
				CLANG_WARN_OBJC_ROOT_CLASS = YES_ERROR;
				CLANG_WARN_SUSPICIOUS_MOVE = YES;
				CLANG_WARN_UNREACHABLE_CODE = YES;
				CLANG_WARN__DUPLICATE_METHOD_MATCH = YES;
				"CODE_SIGN_IDENTITY[sdk=iphoneos*]" = "iPhone Developer";
				COPY_PHASE_STRIP = NO;
				DEBUG_INFORMATION_FORMAT = dwarf;
				ENABLE_STRICT_OBJC_MSGSEND = YES;
				ENABLE_TESTABILITY = YES;
				GCC_C_LANGUAGE_STANDARD = gnu99;
				GCC_DYNAMIC_NO_PIC = NO;
				GCC_NO_COMMON_BLOCKS = YES;
				GCC_OPTIMIZATION_LEVEL = 0;
				GCC_PREPROCESSOR_DEFINITIONS = (
					"DEBUG=1",
					"$(inherited)",
				);
				GCC_WARN_64_TO_32_BIT_CONVERSION = YES;
				GCC_WARN_ABOUT_RETURN_TYPE = YES_ERROR;
				GCC_WARN_UNDECLARED_SELECTOR = YES;
				GCC_WARN_UNINITIALIZED_AUTOS = YES_AGGRESSIVE;
				GCC_WARN_UNUSED_FUNCTION = YES;
				GCC_WARN_UNUSED_VARIABLE = YES;
				IPHONEOS_DEPLOYMENT_TARGET = 10.3;
				MTL_ENABLE_DEBUG_INFO = YES;
				ONLY_ACTIVE_ARCH = YES;
				SDKROOT = iphoneos;
				SWIFT_ACTIVE_COMPILATION_CONDITIONS = DEBUG;
				SWIFT_OPTIMIZATION_LEVEL = "-Onone";
			};
			name = Debug;
		};
		E443D7381EEB4C690071FD73 /* Release */ = {
			isa = XCBuildConfiguration;
			buildSettings = {
				ALWAYS_SEARCH_USER_PATHS = NO;
				CLANG_ANALYZER_NONNULL = YES;
				CLANG_ANALYZER_NUMBER_OBJECT_CONVERSION = YES_AGGRESSIVE;
				CLANG_CXX_LANGUAGE_STANDARD = "gnu++0x";
				CLANG_CXX_LIBRARY = "libc++";
				CLANG_ENABLE_MODULES = YES;
				CLANG_ENABLE_OBJC_ARC = YES;
				CLANG_WARN_BOOL_CONVERSION = YES;
				CLANG_WARN_CONSTANT_CONVERSION = YES;
				CLANG_WARN_DIRECT_OBJC_ISA_USAGE = YES_ERROR;
				CLANG_WARN_DOCUMENTATION_COMMENTS = YES;
				CLANG_WARN_EMPTY_BODY = YES;
				CLANG_WARN_ENUM_CONVERSION = YES;
				CLANG_WARN_INFINITE_RECURSION = YES;
				CLANG_WARN_INT_CONVERSION = YES;
				CLANG_WARN_OBJC_ROOT_CLASS = YES_ERROR;
				CLANG_WARN_SUSPICIOUS_MOVE = YES;
				CLANG_WARN_UNREACHABLE_CODE = YES;
				CLANG_WARN__DUPLICATE_METHOD_MATCH = YES;
				"CODE_SIGN_IDENTITY[sdk=iphoneos*]" = "iPhone Developer";
				COPY_PHASE_STRIP = NO;
				DEBUG_INFORMATION_FORMAT = "dwarf-with-dsym";
				ENABLE_NS_ASSERTIONS = NO;
				ENABLE_STRICT_OBJC_MSGSEND = YES;
				GCC_C_LANGUAGE_STANDARD = gnu99;
				GCC_NO_COMMON_BLOCKS = YES;
				GCC_WARN_64_TO_32_BIT_CONVERSION = YES;
				GCC_WARN_ABOUT_RETURN_TYPE = YES_ERROR;
				GCC_WARN_UNDECLARED_SELECTOR = YES;
				GCC_WARN_UNINITIALIZED_AUTOS = YES_AGGRESSIVE;
				GCC_WARN_UNUSED_FUNCTION = YES;
				GCC_WARN_UNUSED_VARIABLE = YES;
				IPHONEOS_DEPLOYMENT_TARGET = 10.3;
				MTL_ENABLE_DEBUG_INFO = NO;
				SDKROOT = iphoneos;
				SWIFT_OPTIMIZATION_LEVEL = "-Owholemodule";
				VALIDATE_PRODUCT = YES;
			};
			name = Release;
		};
		E443D73A1EEB4C690071FD73 /* Debug */ = {
			isa = XCBuildConfiguration;
			buildSettings = {
				ASSETCATALOG_COMPILER_APPICON_NAME = AppIcon;
				INFOPLIST_FILE = "Assignment06-TipCalc/Info.plist";
				LD_RUNPATH_SEARCH_PATHS = "$(inherited) @executable_path/Frameworks";
				PRODUCT_BUNDLE_IDENTIFIER = "info.ginpei.Assignment06-TipCalc";
				PRODUCT_NAME = "$(TARGET_NAME)";
				SWIFT_VERSION = 3.0;
			};
			name = Debug;
		};
		E443D73B1EEB4C690071FD73 /* Release */ = {
			isa = XCBuildConfiguration;
			buildSettings = {
				ASSETCATALOG_COMPILER_APPICON_NAME = AppIcon;
				INFOPLIST_FILE = "Assignment06-TipCalc/Info.plist";
				LD_RUNPATH_SEARCH_PATHS = "$(inherited) @executable_path/Frameworks";
				PRODUCT_BUNDLE_IDENTIFIER = "info.ginpei.Assignment06-TipCalc";
				PRODUCT_NAME = "$(TARGET_NAME)";
				SWIFT_VERSION = 3.0;
			};
			name = Release;
		};
/* End XCBuildConfiguration section */

/* Begin XCConfigurationList section */
		E443D7221EEB4C690071FD73 /* Build configuration list for PBXProject "Assignment06-TipCalc" */ = {
			isa = XCConfigurationList;
			buildConfigurations = (
				E443D7371EEB4C690071FD73 /* Debug */,
				E443D7381EEB4C690071FD73 /* Release */,
			);
			defaultConfigurationIsVisible = 0;
			defaultConfigurationName = Release;
		};
		E443D7391EEB4C690071FD73 /* Build configuration list for PBXNativeTarget "Assignment06-TipCalc" */ = {
			isa = XCConfigurationList;
			buildConfigurations = (
				E443D73A1EEB4C690071FD73 /* Debug */,
				E443D73B1EEB4C690071FD73 /* Release */,
			);
			defaultConfigurationIsVisible = 0;
		};
/* End XCConfigurationList section */
	};
	rootObject = E443D71F1EEB4C690071FD73 /* Project object */;
}
