// !$*UTF8*$!
{
	archiveVersion = 1;
	classes = {
	};
	objectVersion = 46;
	objects = {

/* Begin PBXBuildFile section */
		E4B1527A1EFAEA5E00EA5D7C /* AppDelegate.swift in Sources */ = {isa = PBXBuildFile; fileRef = E4B152791EFAEA5E00EA5D7C /* AppDelegate.swift */; };
		E4B1527C1EFAEA5E00EA5D7C /* ViewController.swift in Sources */ = {isa = PBXBuildFile; fileRef = E4B1527B1EFAEA5E00EA5D7C /* ViewController.swift */; };
		E4B1527F1EFAEA5E00EA5D7C /* Main.storyboard in Resources */ = {isa = PBXBuildFile; fileRef = E4B1527D1EFAEA5E00EA5D7C /* Main.storyboard */; };
		E4B152811EFAEA5E00EA5D7C /* Assets.xcassets in Resources */ = {isa = PBXBuildFile; fileRef = E4B152801EFAEA5E00EA5D7C /* Assets.xcassets */; };
		E4B152841EFAEA5E00EA5D7C /* LaunchScreen.storyboard in Resources */ = {isa = PBXBuildFile; fileRef = E4B152821EFAEA5E00EA5D7C /* LaunchScreen.storyboard */; };
/* End PBXBuildFile section */

/* Begin PBXFileReference section */
		E4B152761EFAEA5E00EA5D7C /* TimerDemo.app */ = {isa = PBXFileReference; explicitFileType = wrapper.application; includeInIndex = 0; path = TimerDemo.app; sourceTree = BUILT_PRODUCTS_DIR; };
		E4B152791EFAEA5E00EA5D7C /* AppDelegate.swift */ = {isa = PBXFileReference; lastKnownFileType = sourcecode.swift; path = AppDelegate.swift; sourceTree = "<group>"; };
		E4B1527B1EFAEA5E00EA5D7C /* ViewController.swift */ = {isa = PBXFileReference; lastKnownFileType = sourcecode.swift; path = ViewController.swift; sourceTree = "<group>"; };
		E4B1527E1EFAEA5E00EA5D7C /* Base */ = {isa = PBXFileReference; lastKnownFileType = file.storyboard; name = Base; path = Base.lproj/Main.storyboard; sourceTree = "<group>"; };
		E4B152801EFAEA5E00EA5D7C /* Assets.xcassets */ = {isa = PBXFileReference; lastKnownFileType = folder.assetcatalog; path = Assets.xcassets; sourceTree = "<group>"; };
		E4B152831EFAEA5E00EA5D7C /* Base */ = {isa = PBXFileReference; lastKnownFileType = file.storyboard; name = Base; path = Base.lproj/LaunchScreen.storyboard; sourceTree = "<group>"; };
		E4B152851EFAEA5E00EA5D7C /* Info.plist */ = {isa = PBXFileReference; lastKnownFileType = text.plist.xml; path = Info.plist; sourceTree = "<group>"; };
/* End PBXFileReference section */

/* Begin PBXFrameworksBuildPhase section */
		E4B152731EFAEA5E00EA5D7C /* Frameworks */ = {
			isa = PBXFrameworksBuildPhase;
			buildActionMask = 2147483647;
			files = (
			);
			runOnlyForDeploymentPostprocessing = 0;
		};
/* End PBXFrameworksBuildPhase section */

/* Begin PBXGroup section */
		E4B1526D1EFAEA5E00EA5D7C = {
			isa = PBXGroup;
			children = (
				E4B152781EFAEA5E00EA5D7C /* TimerDemo */,
				E4B152771EFAEA5E00EA5D7C /* Products */,
			);
			sourceTree = "<group>";
		};
		E4B152771EFAEA5E00EA5D7C /* Products */ = {
			isa = PBXGroup;
			children = (
				E4B152761EFAEA5E00EA5D7C /* TimerDemo.app */,
			);
			name = Products;
			sourceTree = "<group>";
		};
		E4B152781EFAEA5E00EA5D7C /* TimerDemo */ = {
			isa = PBXGroup;
			children = (
				E4B152791EFAEA5E00EA5D7C /* AppDelegate.swift */,
				E4B1527B1EFAEA5E00EA5D7C /* ViewController.swift */,
				E4B1527D1EFAEA5E00EA5D7C /* Main.storyboard */,
				E4B152801EFAEA5E00EA5D7C /* Assets.xcassets */,
				E4B152821EFAEA5E00EA5D7C /* LaunchScreen.storyboard */,
				E4B152851EFAEA5E00EA5D7C /* Info.plist */,
			);
			path = TimerDemo;
			sourceTree = "<group>";
		};
/* End PBXGroup section */

/* Begin PBXNativeTarget section */
		E4B152751EFAEA5E00EA5D7C /* TimerDemo */ = {
			isa = PBXNativeTarget;
			buildConfigurationList = E4B152881EFAEA5E00EA5D7C /* Build configuration list for PBXNativeTarget "TimerDemo" */;
			buildPhases = (
				E4B152721EFAEA5E00EA5D7C /* Sources */,
				E4B152731EFAEA5E00EA5D7C /* Frameworks */,
				E4B152741EFAEA5E00EA5D7C /* Resources */,
			);
			buildRules = (
			);
			dependencies = (
			);
			name = TimerDemo;
			productName = TimerDemo;
			productReference = E4B152761EFAEA5E00EA5D7C /* TimerDemo.app */;
			productType = "com.apple.product-type.application";
		};
/* End PBXNativeTarget section */

/* Begin PBXProject section */
		E4B1526E1EFAEA5E00EA5D7C /* Project object */ = {
			isa = PBXProject;
			attributes = {
				LastSwiftUpdateCheck = 0830;
				LastUpgradeCheck = 0830;
				ORGANIZATIONNAME = Ginpei;
				TargetAttributes = {
					E4B152751EFAEA5E00EA5D7C = {
						CreatedOnToolsVersion = 8.3.3;
						ProvisioningStyle = Automatic;
					};
				};
			};
			buildConfigurationList = E4B152711EFAEA5E00EA5D7C /* Build configuration list for PBXProject "TimerDemo" */;
			compatibilityVersion = "Xcode 3.2";
			developmentRegion = English;
			hasScannedForEncodings = 0;
			knownRegions = (
				en,
				Base,
			);
			mainGroup = E4B1526D1EFAEA5E00EA5D7C;
			productRefGroup = E4B152771EFAEA5E00EA5D7C /* Products */;
			projectDirPath = "";
			projectRoot = "";
			targets = (
				E4B152751EFAEA5E00EA5D7C /* TimerDemo */,
			);
		};
/* End PBXProject section */

/* Begin PBXResourcesBuildPhase section */
		E4B152741EFAEA5E00EA5D7C /* Resources */ = {
			isa = PBXResourcesBuildPhase;
			buildActionMask = 2147483647;
			files = (
				E4B152841EFAEA5E00EA5D7C /* LaunchScreen.storyboard in Resources */,
				E4B152811EFAEA5E00EA5D7C /* Assets.xcassets in Resources */,
				E4B1527F1EFAEA5E00EA5D7C /* Main.storyboard in Resources */,
			);
			runOnlyForDeploymentPostprocessing = 0;
		};
/* End PBXResourcesBuildPhase section */

/* Begin PBXSourcesBuildPhase section */
		E4B152721EFAEA5E00EA5D7C /* Sources */ = {
			isa = PBXSourcesBuildPhase;
			buildActionMask = 2147483647;
			files = (
				E4B1527C1EFAEA5E00EA5D7C /* ViewController.swift in Sources */,
				E4B1527A1EFAEA5E00EA5D7C /* AppDelegate.swift in Sources */,
			);
			runOnlyForDeploymentPostprocessing = 0;
		};
/* End PBXSourcesBuildPhase section */

/* Begin PBXVariantGroup section */
		E4B1527D1EFAEA5E00EA5D7C /* Main.storyboard */ = {
			isa = PBXVariantGroup;
			children = (
				E4B1527E1EFAEA5E00EA5D7C /* Base */,
			);
			name = Main.storyboard;
			sourceTree = "<group>";
		};
		E4B152821EFAEA5E00EA5D7C /* LaunchScreen.storyboard */ = {
			isa = PBXVariantGroup;
			children = (
				E4B152831EFAEA5E00EA5D7C /* Base */,
			);
			name = LaunchScreen.storyboard;
			sourceTree = "<group>";
		};
/* End PBXVariantGroup section */

/* Begin XCBuildConfiguration section */
		E4B152861EFAEA5E00EA5D7C /* Debug */ = {
			isa = XCBuildConfiguration;
			buildSettings = {
				ALWAYS_SEARCH_USER_PATHS = NO;
				CLANG_ANALYZER_NONNULL = YES;
				CLANG_ANALYZER_NUMBER_OBJECT_CONVERSION = YES_AGGRESSIVE;
				CLANG_CXX_LANGUAGE_STANDARD = "gnu++0x";
				CLANG_CXX_LIBRARY = "libc++";
				CLANG_ENABLE_MODULES = YES;
				CLANG_ENABLE_OBJC_ARC = YES;
				CLANG_WARN_BOOL_CONVERSION = YES;
				CLANG_WARN_CONSTANT_CONVERSION = YES;
				CLANG_WARN_DIRECT_OBJC_ISA_USAGE = YES_ERROR;
				CLANG_WARN_DOCUMENTATION_COMMENTS = YES;
				CLANG_WARN_EMPTY_BODY = YES;
				CLANG_WARN_ENUM_CONVERSION = YES;
				CLANG_WARN_INFINITE_RECURSION = YES;
				CLANG_WARN_INT_CONVERSION = YES;
				CLANG_WARN_OBJC_ROOT_CLASS = YES_ERROR;
				CLANG_WARN_SUSPICIOUS_MOVE = YES;
				CLANG_WARN_UNREACHABLE_CODE = YES;
				CLANG_WARN__DUPLICATE_METHOD_MATCH = YES;
				"CODE_SIGN_IDENTITY[sdk=iphoneos*]" = "iPhone Developer";
				COPY_PHASE_STRIP = NO;
				DEBUG_INFORMATION_FORMAT = dwarf;
				ENABLE_STRICT_OBJC_MSGSEND = YES;
				ENABLE_TESTABILITY = YES;
				GCC_C_LANGUAGE_STANDARD = gnu99;
				GCC_DYNAMIC_NO_PIC = NO;
				GCC_NO_COMMON_BLOCKS = YES;
				GCC_OPTIMIZATION_LEVEL = 0;
				GCC_PREPROCESSOR_DEFINITIONS = (
					"DEBUG=1",
					"$(inherited)",
				);
				GCC_WARN_64_TO_32_BIT_CONVERSION = YES;
				GCC_WARN_ABOUT_RETURN_TYPE = YES_ERROR;
				GCC_WARN_UNDECLARED_SELECTOR = YES;
				GCC_WARN_UNINITIALIZED_AUTOS = YES_AGGRESSIVE;
				GCC_WARN_UNUSED_FUNCTION = YES;
				GCC_WARN_UNUSED_VARIABLE = YES;
				IPHONEOS_DEPLOYMENT_TARGET = 10.3;
				MTL_ENABLE_DEBUG_INFO = YES;
				ONLY_ACTIVE_ARCH = YES;
				SDKROOT = iphoneos;
				SWIFT_ACTIVE_COMPILATION_CONDITIONS = DEBUG;
				SWIFT_OPTIMIZATION_LEVEL = "-Onone";
			};
			name = Debug;
		};
		E4B152871EFAEA5E00EA5D7C /* Release */ = {
			isa = XCBuildConfiguration;
			buildSettings = {
				ALWAYS_SEARCH_USER_PATHS = NO;
				CLANG_ANALYZER_NONNULL = YES;
				CLANG_ANALYZER_NUMBER_OBJECT_CONVERSION = YES_AGGRESSIVE;
				CLANG_CXX_LANGUAGE_STANDARD = "gnu++0x";
				CLANG_CXX_LIBRARY = "libc++";
				CLANG_ENABLE_MODULES = YES;
				CLANG_ENABLE_OBJC_ARC = YES;
				CLANG_WARN_BOOL_CONVERSION = YES;
				CLANG_WARN_CONSTANT_CONVERSION = YES;
				CLANG_WARN_DIRECT_OBJC_ISA_USAGE = YES_ERROR;
				CLANG_WARN_DOCUMENTATION_COMMENTS = YES;
				CLANG_WARN_EMPTY_BODY = YES;
				CLANG_WARN_ENUM_CONVERSION = YES;
				CLANG_WARN_INFINITE_RECURSION = YES;
				CLANG_WARN_INT_CONVERSION = YES;
				CLANG_WARN_OBJC_ROOT_CLASS = YES_ERROR;
				CLANG_WARN_SUSPICIOUS_MOVE = YES;
				CLANG_WARN_UNREACHABLE_CODE = YES;
				CLANG_WARN__DUPLICATE_METHOD_MATCH = YES;
				"CODE_SIGN_IDENTITY[sdk=iphoneos*]" = "iPhone Developer";
				COPY_PHASE_STRIP = NO;
				DEBUG_INFORMATION_FORMAT = "dwarf-with-dsym";
				ENABLE_NS_ASSERTIONS = NO;
				ENABLE_STRICT_OBJC_MSGSEND = YES;
				GCC_C_LANGUAGE_STANDARD = gnu99;
				GCC_NO_COMMON_BLOCKS = YES;
				GCC_WARN_64_TO_32_BIT_CONVERSION = YES;
				GCC_WARN_ABOUT_RETURN_TYPE = YES_ERROR;
				GCC_WARN_UNDECLARED_SELECTOR = YES;
				GCC_WARN_UNINITIALIZED_AUTOS = YES_AGGRESSIVE;
				GCC_WARN_UNUSED_FUNCTION = YES;
				GCC_WARN_UNUSED_VARIABLE = YES;
				IPHONEOS_DEPLOYMENT_TARGET = 10.3;
				MTL_ENABLE_DEBUG_INFO = NO;
				SDKROOT = iphoneos;
				SWIFT_OPTIMIZATION_LEVEL = "-Owholemodule";
				VALIDATE_PRODUCT = YES;
			};
			name = Release;
		};
		E4B152891EFAEA5E00EA5D7C /* Debug */ = {
			isa = XCBuildConfiguration;
			buildSettings = {
				ASSETCATALOG_COMPILER_APPICON_NAME = AppIcon;
				INFOPLIST_FILE = TimerDemo/Info.plist;
				LD_RUNPATH_SEARCH_PATHS = "$(inherited) @executable_path/Frameworks";
				PRODUCT_BUNDLE_IDENTIFIER = info.ginpei.TimerDemo;
				PRODUCT_NAME = "$(TARGET_NAME)";
				SWIFT_VERSION = 3.0;
			};
			name = Debug;
		};
		E4B1528A1EFAEA5E00EA5D7C /* Release */ = {
			isa = XCBuildConfiguration;
			buildSettings = {
				ASSETCATALOG_COMPILER_APPICON_NAME = AppIcon;
				INFOPLIST_FILE = TimerDemo/Info.plist;
				LD_RUNPATH_SEARCH_PATHS = "$(inherited) @executable_path/Frameworks";
				PRODUCT_BUNDLE_IDENTIFIER = info.ginpei.TimerDemo;
				PRODUCT_NAME = "$(TARGET_NAME)";
				SWIFT_VERSION = 3.0;
			};
			name = Release;
		};
/* End XCBuildConfiguration section */

/* Begin XCConfigurationList section */
		E4B152711EFAEA5E00EA5D7C /* Build configuration list for PBXProject "TimerDemo" */ = {
			isa = XCConfigurationList;
			buildConfigurations = (
				E4B152861EFAEA5E00EA5D7C /* Debug */,
				E4B152871EFAEA5E00EA5D7C /* Release */,
			);
			defaultConfigurationIsVisible = 0;
			defaultConfigurationName = Release;
		};
		E4B152881EFAEA5E00EA5D7C /* Build configuration list for PBXNativeTarget "TimerDemo" */ = {
			isa = XCConfigurationList;
			buildConfigurations = (
				E4B152891EFAEA5E00EA5D7C /* Debug */,
				E4B1528A1EFAEA5E00EA5D7C /* Release */,
			);
			defaultConfigurationIsVisible = 0;
		};
/* End XCConfigurationList section */
	};
	rootObject = E4B1526E1EFAEA5E00EA5D7C /* Project object */;
}
