// !$*UTF8*$!
{
	archiveVersion = 1;
	classes = {
	};
	objectVersion = 46;
	objects = {

/* Begin PBXBuildFile section */
		E443D74B1EEB7FE40071FD73 /* AppDelegate.swift in Sources */ = {isa = PBXBuildFile; fileRef = E443D74A1EEB7FE40071FD73 /* AppDelegate.swift */; };
		E443D74D1EEB7FE40071FD73 /* ViewController.swift in Sources */ = {isa = PBXBuildFile; fileRef = E443D74C1EEB7FE40071FD73 /* ViewController.swift */; };
		E443D7501EEB7FE40071FD73 /* Main.storyboard in Resources */ = {isa = PBXBuildFile; fileRef = E443D74E1EEB7FE40071FD73 /* Main.storyboard */; };
		E443D7521EEB7FE50071FD73 /* Assets.xcassets in Resources */ = {isa = PBXBuildFile; fileRef = E443D7511EEB7FE50071FD73 /* Assets.xcassets */; };
		E443D7551EEB7FE50071FD73 /* LaunchScreen.storyboard in Resources */ = {isa = PBXBuildFile; fileRef = E443D7531EEB7FE50071FD73 /* LaunchScreen.storyboard */; };
		E443D75F1EEB822E0071FD73 /* MyScrollView.swift in Sources */ = {isa = PBXBuildFile; fileRef = E443D75E1EEB822E0071FD73 /* MyScrollView.swift */; };
/* End PBXBuildFile section */

/* Begin PBXFileReference section */
		E443D7471EEB7FE40071FD73 /* assignment07-MyScrollView.app */ = {isa = PBXFileReference; explicitFileType = wrapper.application; includeInIndex = 0; path = "assignment07-MyScrollView.app"; sourceTree = BUILT_PRODUCTS_DIR; };
		E443D74A1EEB7FE40071FD73 /* AppDelegate.swift */ = {isa = PBXFileReference; lastKnownFileType = sourcecode.swift; path = AppDelegate.swift; sourceTree = "<group>"; };
		E443D74C1EEB7FE40071FD73 /* ViewController.swift */ = {isa = PBXFileReference; lastKnownFileType = sourcecode.swift; path = ViewController.swift; sourceTree = "<group>"; };
		E443D74F1EEB7FE40071FD73 /* Base */ = {isa = PBXFileReference; lastKnownFileType = file.storyboard; name = Base; path = Base.lproj/Main.storyboard; sourceTree = "<group>"; };
		E443D7511EEB7FE50071FD73 /* Assets.xcassets */ = {isa = PBXFileReference; lastKnownFileType = folder.assetcatalog; path = Assets.xcassets; sourceTree = "<group>"; };
		E443D7541EEB7FE50071FD73 /* Base */ = {isa = PBXFileReference; lastKnownFileType = file.storyboard; name = Base; path = Base.lproj/LaunchScreen.storyboard; sourceTree = "<group>"; };
		E443D7561EEB7FE50071FD73 /* Info.plist */ = {isa = PBXFileReference; lastKnownFileType = text.plist.xml; path = Info.plist; sourceTree = "<group>"; };
		E443D75E1EEB822E0071FD73 /* MyScrollView.swift */ = {isa = PBXFileReference; fileEncoding = 4; lastKnownFileType = sourcecode.swift; path = MyScrollView.swift; sourceTree = "<group>"; };
/* End PBXFileReference section */

/* Begin PBXFrameworksBuildPhase section */
		E443D7441EEB7FE40071FD73 /* Frameworks */ = {
			isa = PBXFrameworksBuildPhase;
			buildActionMask = 2147483647;
			files = (
			);
			runOnlyForDeploymentPostprocessing = 0;
		};
/* End PBXFrameworksBuildPhase section */

/* Begin PBXGroup section */
		E443D73E1EEB7FE40071FD73 = {
			isa = PBXGroup;
			children = (
				E443D7491EEB7FE40071FD73 /* assignment07-MyScrollView */,
				E443D7481EEB7FE40071FD73 /* Products */,
			);
			sourceTree = "<group>";
		};
		E443D7481EEB7FE40071FD73 /* Products */ = {
			isa = PBXGroup;
			children = (
				E443D7471EEB7FE40071FD73 /* assignment07-MyScrollView.app */,
			);
			name = Products;
			sourceTree = "<group>";
		};
		E443D7491EEB7FE40071FD73 /* assignment07-MyScrollView */ = {
			isa = PBXGroup;
			children = (
				E443D74A1EEB7FE40071FD73 /* AppDelegate.swift */,
				E443D74C1EEB7FE40071FD73 /* ViewController.swift */,
				E443D75E1EEB822E0071FD73 /* MyScrollView.swift */,
				E443D74E1EEB7FE40071FD73 /* Main.storyboard */,
				E443D7511EEB7FE50071FD73 /* Assets.xcassets */,
				E443D7531EEB7FE50071FD73 /* LaunchScreen.storyboard */,
				E443D7561EEB7FE50071FD73 /* Info.plist */,
			);
			path = "assignment07-MyScrollView";
			sourceTree = "<group>";
		};
/* End PBXGroup section */

/* Begin PBXNativeTarget section */
		E443D7461EEB7FE40071FD73 /* assignment07-MyScrollView */ = {
			isa = PBXNativeTarget;
			buildConfigurationList = E443D7591EEB7FE50071FD73 /* Build configuration list for PBXNativeTarget "assignment07-MyScrollView" */;
			buildPhases = (
				E443D7431EEB7FE40071FD73 /* Sources */,
				E443D7441EEB7FE40071FD73 /* Frameworks */,
				E443D7451EEB7FE40071FD73 /* Resources */,
			);
			buildRules = (
			);
			dependencies = (
			);
			name = "assignment07-MyScrollView";
			productName = "assignment07-MyScrollView";
			productReference = E443D7471EEB7FE40071FD73 /* assignment07-MyScrollView.app */;
			productType = "com.apple.product-type.application";
		};
/* End PBXNativeTarget section */

/* Begin PBXProject section */
		E443D73F1EEB7FE40071FD73 /* Project object */ = {
			isa = PBXProject;
			attributes = {
				LastSwiftUpdateCheck = 0830;
				LastUpgradeCheck = 0830;
				ORGANIZATIONNAME = Ginpei;
				TargetAttributes = {
					E443D7461EEB7FE40071FD73 = {
						CreatedOnToolsVersion = 8.3.2;
						ProvisioningStyle = Automatic;
					};
				};
			};
			buildConfigurationList = E443D7421EEB7FE40071FD73 /* Build configuration list for PBXProject "assignment07-MyScrollView" */;
			compatibilityVersion = "Xcode 3.2";
			developmentRegion = English;
			hasScannedForEncodings = 0;
			knownRegions = (
				en,
				Base,
			);
			mainGroup = E443D73E1EEB7FE40071FD73;
			productRefGroup = E443D7481EEB7FE40071FD73 /* Products */;
			projectDirPath = "";
			projectRoot = "";
			targets = (
				E443D7461EEB7FE40071FD73 /* assignment07-MyScrollView */,
			);
		};
/* End PBXProject section */

/* Begin PBXResourcesBuildPhase section */
		E443D7451EEB7FE40071FD73 /* Resources */ = {
			isa = PBXResourcesBuildPhase;
			buildActionMask = 2147483647;
			files = (
				E443D7551EEB7FE50071FD73 /* LaunchScreen.storyboard in Resources */,
				E443D7521EEB7FE50071FD73 /* Assets.xcassets in Resources */,
				E443D7501EEB7FE40071FD73 /* Main.storyboard in Resources */,
			);
			runOnlyForDeploymentPostprocessing = 0;
		};
/* End PBXResourcesBuildPhase section */

/* Begin PBXSourcesBuildPhase section */
		E443D7431EEB7FE40071FD73 /* Sources */ = {
			isa = PBXSourcesBuildPhase;
			buildActionMask = 2147483647;
			files = (
				E443D74D1EEB7FE40071FD73 /* ViewController.swift in Sources */,
				E443D75F1EEB822E0071FD73 /* MyScrollView.swift in Sources */,
				E443D74B1EEB7FE40071FD73 /* AppDelegate.swift in Sources */,
			);
			runOnlyForDeploymentPostprocessing = 0;
		};
/* End PBXSourcesBuildPhase section */

/* Begin PBXVariantGroup section */
		E443D74E1EEB7FE40071FD73 /* Main.storyboard */ = {
			isa = PBXVariantGroup;
			children = (
				E443D74F1EEB7FE40071FD73 /* Base */,
			);
			name = Main.storyboard;
			sourceTree = "<group>";
		};
		E443D7531EEB7FE50071FD73 /* LaunchScreen.storyboard */ = {
			isa = PBXVariantGroup;
			children = (
				E443D7541EEB7FE50071FD73 /* Base */,
			);
			name = LaunchScreen.storyboard;
			sourceTree = "<group>";
		};
/* End PBXVariantGroup section */

/* Begin XCBuildConfiguration section */
		E443D7571EEB7FE50071FD73 /* Debug */ = {
			isa = XCBuildConfiguration;
			buildSettings = {
				ALWAYS_SEARCH_USER_PATHS = NO;
				CLANG_ANALYZER_NONNULL = YES;
				CLANG_ANALYZER_NUMBER_OBJECT_CONVERSION = YES_AGGRESSIVE;
				CLANG_CXX_LANGUAGE_STANDARD = "gnu++0x";
				CLANG_CXX_LIBRARY = "libc++";
				CLANG_ENABLE_MODULES = YES;
				CLANG_ENABLE_OBJC_ARC = YES;
				CLANG_WARN_BOOL_CONVERSION = YES;
				CLANG_WARN_CONSTANT_CONVERSION = YES;
				CLANG_WARN_DIRECT_OBJC_ISA_USAGE = YES_ERROR;
				CLANG_WARN_DOCUMENTATION_COMMENTS = YES;
				CLANG_WARN_EMPTY_BODY = YES;
				CLANG_WARN_ENUM_CONVERSION = YES;
				CLANG_WARN_INFINITE_RECURSION = YES;
				CLANG_WARN_INT_CONVERSION = YES;
				CLANG_WARN_OBJC_ROOT_CLASS = YES_ERROR;
				CLANG_WARN_SUSPICIOUS_MOVE = YES;
				CLANG_WARN_UNREACHABLE_CODE = YES;
				CLANG_WARN__DUPLICATE_METHOD_MATCH = YES;
				"CODE_SIGN_IDENTITY[sdk=iphoneos*]" = "iPhone Developer";
				COPY_PHASE_STRIP = NO;
				DEBUG_INFORMATION_FORMAT = dwarf;
				ENABLE_STRICT_OBJC_MSGSEND = YES;
				ENABLE_TESTABILITY = YES;
				GCC_C_LANGUAGE_STANDARD = gnu99;
				GCC_DYNAMIC_NO_PIC = NO;
				GCC_NO_COMMON_BLOCKS = YES;
				GCC_OPTIMIZATION_LEVEL = 0;
				GCC_PREPROCESSOR_DEFINITIONS = (
					"DEBUG=1",
					"$(inherited)",
				);
				GCC_WARN_64_TO_32_BIT_CONVERSION = YES;
				GCC_WARN_ABOUT_RETURN_TYPE = YES_ERROR;
				GCC_WARN_UNDECLARED_SELECTOR = YES;
				GCC_WARN_UNINITIALIZED_AUTOS = YES_AGGRESSIVE;
				GCC_WARN_UNUSED_FUNCTION = YES;
				GCC_WARN_UNUSED_VARIABLE = YES;
				IPHONEOS_DEPLOYMENT_TARGET = 10.3;
				MTL_ENABLE_DEBUG_INFO = YES;
				ONLY_ACTIVE_ARCH = YES;
				SDKROOT = iphoneos;
				SWIFT_ACTIVE_COMPILATION_CONDITIONS = DEBUG;
				SWIFT_OPTIMIZATION_LEVEL = "-Onone";
			};
			name = Debug;
		};
		E443D7581EEB7FE50071FD73 /* Release */ = {
			isa = XCBuildConfiguration;
			buildSettings = {
				ALWAYS_SEARCH_USER_PATHS = NO;
				CLANG_ANALYZER_NONNULL = YES;
				CLANG_ANALYZER_NUMBER_OBJECT_CONVERSION = YES_AGGRESSIVE;
				CLANG_CXX_LANGUAGE_STANDARD = "gnu++0x";
				CLANG_CXX_LIBRARY = "libc++";
				CLANG_ENABLE_MODULES = YES;
				CLANG_ENABLE_OBJC_ARC = YES;
				CLANG_WARN_BOOL_CONVERSION = YES;
				CLANG_WARN_CONSTANT_CONVERSION = YES;
				CLANG_WARN_DIRECT_OBJC_ISA_USAGE = YES_ERROR;
				CLANG_WARN_DOCUMENTATION_COMMENTS = YES;
				CLANG_WARN_EMPTY_BODY = YES;
				CLANG_WARN_ENUM_CONVERSION = YES;
				CLANG_WARN_INFINITE_RECURSION = YES;
				CLANG_WARN_INT_CONVERSION = YES;
				CLANG_WARN_OBJC_ROOT_CLASS = YES_ERROR;
				CLANG_WARN_SUSPICIOUS_MOVE = YES;
				CLANG_WARN_UNREACHABLE_CODE = YES;
				CLANG_WARN__DUPLICATE_METHOD_MATCH = YES;
				"CODE_SIGN_IDENTITY[sdk=iphoneos*]" = "iPhone Developer";
				COPY_PHASE_STRIP = NO;
				DEBUG_INFORMATION_FORMAT = "dwarf-with-dsym";
				ENABLE_NS_ASSERTIONS = NO;
				ENABLE_STRICT_OBJC_MSGSEND = YES;
				GCC_C_LANGUAGE_STANDARD = gnu99;
				GCC_NO_COMMON_BLOCKS = YES;
				GCC_WARN_64_TO_32_BIT_CONVERSION = YES;
				GCC_WARN_ABOUT_RETURN_TYPE = YES_ERROR;
				GCC_WARN_UNDECLARED_SELECTOR = YES;
				GCC_WARN_UNINITIALIZED_AUTOS = YES_AGGRESSIVE;
				GCC_WARN_UNUSED_FUNCTION = YES;
				GCC_WARN_UNUSED_VARIABLE = YES;
				IPHONEOS_DEPLOYMENT_TARGET = 10.3;
				MTL_ENABLE_DEBUG_INFO = NO;
				SDKROOT = iphoneos;
				SWIFT_OPTIMIZATION_LEVEL = "-Owholemodule";
				VALIDATE_PRODUCT = YES;
			};
			name = Release;
		};
		E443D75A1EEB7FE50071FD73 /* Debug */ = {
			isa = XCBuildConfiguration;
			buildSettings = {
				ASSETCATALOG_COMPILER_APPICON_NAME = AppIcon;
				INFOPLIST_FILE = "assignment07-MyScrollView/Info.plist";
				LD_RUNPATH_SEARCH_PATHS = "$(inherited) @executable_path/Frameworks";
				PRODUCT_BUNDLE_IDENTIFIER = "info.ginpei.assignment07-MyScrollView";
				PRODUCT_NAME = "$(TARGET_NAME)";
				SWIFT_VERSION = 3.0;
			};
			name = Debug;
		};
		E443D75B1EEB7FE50071FD73 /* Release */ = {
			isa = XCBuildConfiguration;
			buildSettings = {
				ASSETCATALOG_COMPILER_APPICON_NAME = AppIcon;
				INFOPLIST_FILE = "assignment07-MyScrollView/Info.plist";
				LD_RUNPATH_SEARCH_PATHS = "$(inherited) @executable_path/Frameworks";
				PRODUCT_BUNDLE_IDENTIFIER = "info.ginpei.assignment07-MyScrollView";
				PRODUCT_NAME = "$(TARGET_NAME)";
				SWIFT_VERSION = 3.0;
			};
			name = Release;
		};
/* End XCBuildConfiguration section */

/* Begin XCConfigurationList section */
		E443D7421EEB7FE40071FD73 /* Build configuration list for PBXProject "assignment07-MyScrollView" */ = {
			isa = XCConfigurationList;
			buildConfigurations = (
				E443D7571EEB7FE50071FD73 /* Debug */,
				E443D7581EEB7FE50071FD73 /* Release */,
			);
			defaultConfigurationIsVisible = 0;
			defaultConfigurationName = Release;
		};
		E443D7591EEB7FE50071FD73 /* Build configuration list for PBXNativeTarget "assignment07-MyScrollView" */ = {
			isa = XCConfigurationList;
			buildConfigurations = (
				E443D75A1EEB7FE50071FD73 /* Debug */,
				E443D75B1EEB7FE50071FD73 /* Release */,
			);
			defaultConfigurationIsVisible = 0;
			defaultConfigurationName = Release;
		};
/* End XCConfigurationList section */
	};
	rootObject = E443D73F1EEB7FE40071FD73 /* Project object */;
}
